
Microsoft Visual Studio Solution File, Format Version 12.00
# Visual Studio Version 16
VisualStudioVersion = 16.0.30503.244
MinimumVisualStudioVersion = 10.0.40219.1
Project("{FAE04EC0-301F-11D3-BF4B-00C04F79EFBC}") = "QualificationAssignments", "QualificationAssignments\QualificationAssignments.csproj", "{44B467D1-6219-4B10-9709-48B837C30AB5}"
EndProject
Global
	GlobalSection(SolutionConfigurationPlatforms) = preSolution
		Debug|Any CPU = Debug|Any CPU
		Release|Any CPU = Release|Any CPU
	EndGlobalSection
	GlobalSection(ProjectConfigurationPlatforms) = postSolution
		{44B467D1-6219-4B10-9709-48B837C30AB5}.Debug|Any CPU.ActiveCfg = Debug|Any CPU
		{44B467D1-6219-4B10-9709-48B837C30AB5}.Debug|Any CPU.Build.0 = Debug|Any CPU
		{44B467D1-6219-4B10-9709-48B837C30AB5}.Release|Any CPU.ActiveCfg = Release|Any CPU
		{44B467D1-6219-4B10-9709-48B837C30AB5}.Release|Any CPU.Build.0 = Release|Any CPU
	EndGlobalSection
	GlobalSection(SolutionProperties) = preSolution
		HideSolutionNode = FALSE
	EndGlobalSection
	GlobalSection(ExtensibilityGlobals) = postSolution
		SolutionGuid = {3972E6DD-07EB-43D8-9134-6B9065C27A17}
	EndGlobalSection
EndGlobal
